
Microsoft Visual Studio Solution File, Format Version 12.00
# Visual Studio Version 17
VisualStudioVersion = 17.7.34202.233
MinimumVisualStudioVersion = 10.0.40219.1
Project("{FAE04EC0-301F-11D3-BF4B-00C04F79EFBC}") = "WindowsFormsApp2", "WindowsFormsApp2\WindowsFormsApp2.csproj", "{A9CA9632-35D8-45F5-9D49-8A0396E398AE}"
EndProject
Global
	GlobalSection(SolutionConfigurationPlatforms) = preSolution
		Debug|Any CPU = Debug|Any CPU
		Release|Any CPU = Release|Any CPU
	EndGlobalSection
	GlobalSection(ProjectConfigurationPlatforms) = postSolution
		{A9CA9632-35D8-45F5-9D49-8A0396E398AE}.Debug|Any CPU.ActiveCfg = Debug|Any CPU
		{A9CA9632-35D8-45F5-9D49-8A0396E398AE}.Debug|Any CPU.Build.0 = Debug|Any CPU
		{A9CA9632-35D8-45F5-9D49-8A0396E398AE}.Release|Any CPU.ActiveCfg = Release|Any CPU
		{A9CA9632-35D8-45F5-9D49-8A0396E398AE}.Release|Any CPU.Build.0 = Release|Any CPU
	EndGlobalSection
	GlobalSection(SolutionProperties) = preSolution
		HideSolutionNode = FALSE
	EndGlobalSection
	GlobalSection(ExtensibilityGlobals) = postSolution
		SolutionGuid = {A0F37EF2-EE0F-4DE0-BCB7-B30618C53D36}
	EndGlobalSection
EndGlobal
